PODS:
  - Alamofire (4.8.1)
  - FDFullscreenPopGesture (1.1)
  - HandyJSON (4.2.0)
  - IBAnimatable (5.2.1)
  - Kingfisher (4.10.0)
  - MJRefresh (3.1.15.7)
  - Moya (12.0.1):
    - Moya/Core (= 12.0.1)
  - Moya/Core (12.0.1):
    - Alamofire (~> 4.1)
    - Result (~> 4.0)
  - Result (4.1.0)
  - RxCocoa (4.3.1):
    - RxSwift (~> 4.0)
  - RxSwift (4.3.1)
  - SDCycleScrollView (1.75):
    - SDWebImage (>= 4.0.0)
  - SDWebImage (4.4.2):
    - SDWebImage/Core (= 4.4.2)
  - SDWebImage/Core (4.4.2)
  - SkeletonView (1.4.1)
  - SnapKit (4.2.0)
  - SVProgressHUD (2.2.5)
  - SwiftyJSON (4.2.0)

DEPENDENCIES:
  - FDFullscreenPopGesture
  - HandyJSON
  - IBAnimatable
  - Kingfisher
  - MJRefresh
  - Moya
  - RxCocoa
  - RxSwift
  - SDCycleScrollView
  - SkeletonView
  - SnapKit
  - SVProgressHUD
  - SwiftyJSON

SPEC REPOS:
  https://github.com/cocoapods/specs.git:
    - Alamofire
    - FDFullscreenPopGesture
    - HandyJSON
    - IBAnimatable
    - Kingfisher
    - MJRefresh
    - Moya
    - Result
    - RxCocoa
    - RxSwift
    - SDCycleScrollView
    - SDWebImage
    - SkeletonView
    - SnapKit
    - SVProgressHUD
    - SwiftyJSON

SPEC CHECKSUMS:
  Alamofire: 16ce2c353fb72865124ddae8a57c5942388f4f11
  FDFullscreenPopGesture: a8a620179e3d9c40e8e00256dcee1c1a27c6d0f0
  HandyJSON: 9dfc026c7d7adc1f0f8ba8b181495f0e0763b0f4
  IBAnimatable: a46b835ec6875178516cf7e014a40194d6bfa3fc
  Kingfisher: 43c4b802d8b5256cf1f4379e9cd10b329be6d3e2
  MJRefresh: 697f8ec75ebdbe9207767bb682cf0f51b0d8a41f
  Moya: cf730b3cd9e005401ef37a85143aa141a12fd38f
  Result: bd966fac789cc6c1563440b348ab2598cc24d5c7
  RxCocoa: 78763c7b07d02455598d9fc3c1ad091a28b73635
  RxSwift: fe0fd770a43acdb7d0a53da411c9b892e69bb6e4
  SDCycleScrollView: 884b88f0266dd4708a0e1934975c69cb971707b1
  SDWebImage: 624d6e296c69b244bcede364c72ae0430ac14681
  SkeletonView: 60d6ce7edb0cb4c7758db33c74add50392b3c475
  SnapKit: fe8a619752f3f27075cc9a90244d75c6c3f27e2a
  SVProgressHUD: 1428aafac632c1f86f62aa4243ec12008d7a51d6
  SwiftyJSON: c4bcba26dd9ec7a027fc8eade48e2c911f229e96

PODFILE CHECKSUM: f5a526d705088636cd0ac6db43efd0dc983e486e

COCOAPODS: 1.6.1
