PODS:
  - Alamofire (4.8.2)
  - FDFullscreenPopGesture (1.1)
  - HandyJSON (5.0.0-beta.1)
  - IBAnimatable (5.2.1)
  - Kingfisher (4.10.1)
  - MJRefresh (3.1.16)
  - Moya (13.0.0):
    - Moya/Core (= 13.0.0)
  - Moya/Core (13.0.0):
    - Alamofire (~> 4.1)
    - Result (~> 4.1)
  - Result (4.1.0)
  - RxCocoa (4.5.0):
    - RxSwift (>= 4.4.2, ~> 4.4)
  - RxSwift (4.5.0)
  - SDCycleScrollView (1.80):
    - SDWebImage (>= 5.0.0)
  - SDWebImage (5.0.2):
    - SDWebImage/Core (= 5.0.2)
  - SDWebImage/Core (5.0.2)
  - SkeletonView (1.5)
  - SnapKit (4.2.0)
  - SVProgressHUD (2.2.5)
  - SwiftyJSON (5.0.0)
  - ZFPlayer (3.2.10):
    - ZFPlayer/Core (= 3.2.10)
  - ZFPlayer/AVPlayer (3.2.10):
    - ZFPlayer/Core
  - ZFPlayer/ControlView (3.2.10):
    - ZFPlayer/Core
  - ZFPlayer/Core (3.2.10)

DEPENDENCIES:
  - FDFullscreenPopGesture
  - HandyJSON (~> 5.0.0-beta.1)
  - IBAnimatable
  - Kingfisher
  - MJRefresh
  - Moya
  - RxCocoa
  - RxSwift
  - SDCycleScrollView
  - SkeletonView
  - SnapKit
  - SVProgressHUD
  - SwiftyJSON
  - ZFPlayer
  - ZFPlayer/AVPlayer
  - ZFPlayer/ControlView

SPEC REPOS:
  https://github.com/cocoapods/specs.git:
    - Alamofire
    - FDFullscreenPopGesture
    - HandyJSON
    - IBAnimatable
    - Kingfisher
    - MJRefresh
    - Moya
    - Result
    - RxCocoa
    - RxSwift
    - SDCycleScrollView
    - SDWebImage
    - SkeletonView
    - SnapKit
    - SVProgressHUD
    - SwiftyJSON
    - ZFPlayer

SPEC CHECKSUMS:
  Alamofire: ae5c501addb7afdbb13687d7f2f722c78734c2d3
  FDFullscreenPopGesture: a8a620179e3d9c40e8e00256dcee1c1a27c6d0f0
  HandyJSON: 582477127ab3ab65bd2e471815f1a7b846856978
  IBAnimatable: a46b835ec6875178516cf7e014a40194d6bfa3fc
  Kingfisher: c148cd7b47ebde9989f6bc7c27dcaa79d81279a0
  MJRefresh: 7798e16e53a5ef7f332dd05b27664db4e29530fd
  Moya: 161263550064ff8a4948e8ff63137fd72a876292
  Result: bd966fac789cc6c1563440b348ab2598cc24d5c7
  RxCocoa: cbf70265dc65a981d4ac982e513c10cf23df24a0
  RxSwift: f172070dfd1a93d70a9ab97a5a01166206e1c575
  SDCycleScrollView: b3c9a5ed840c771c4938978174c7c9d9feefeb96
  SDWebImage: 6764b5fa0f73c203728052955dbefa2bf1f33282
  SkeletonView: 6cbb80f82f8bdee3f9093e2fa03b84819b4bd826
  SnapKit: fe8a619752f3f27075cc9a90244d75c6c3f27e2a
  SVProgressHUD: 1428aafac632c1f86f62aa4243ec12008d7a51d6
  SwiftyJSON: 36413e04c44ee145039d332b4f4e2d3e8d6c4db7
  ZFPlayer: a51c6ffebaf06b91d373091bb4a62ee188cfc7de

PODFILE CHECKSUM: 99f447910d3733bee890a658b2b7d1ee43fb64fc

COCOAPODS: 1.6.1
